
Microsoft Visual Studio Solution File, Format Version 12.00
# Visual Studio Version 16
VisualStudioVersion = 16.0.31205.134
MinimumVisualStudioVersion = 10.0.40219.1
Project("{2150E333-8FDC-42A3-9474-1A3956D46DE8}") = "WorkerService", "WorkerService", "{859DFA3F-3104-4779-BC06-5534DC6AC0AA}"
EndProject
Project("{FAE04EC0-301F-11D3-BF4B-00C04F79EFBC}") = "LetsDoIt.WTE.WS.Worker", "src\WorkerService\LetsDoIt.WTE.WS.Worker\LetsDoIt.WTE.WS.Worker.csproj", "{E4A73E51-7E18-4026-85A1-8F13CC5C8294}"
EndProject
Project("{FAE04EC0-301F-11D3-BF4B-00C04F79EFBC}") = "LetsDoIt.WTE.WS.Application", "src\WorkerService\LetsDoIt.WTE.WS.Application\LetsDoIt.WTE.WS.Application.csproj", "{0971C8DE-C805-4784-B452-0F5D09E5DE75}"
EndProject
Project("{FAE04EC0-301F-11D3-BF4B-00C04F79EFBC}") = "LetsDoIt.WTE.WS.Persistence", "src\WorkerService\LetsDoIt.WTE.WS.Persistence\LetsDoIt.WTE.WS.Persistence.csproj", "{E5F3C4E4-9C78-4B41-9712-2D3AE2548C2A}"
EndProject
Project("{2150E333-8FDC-42A3-9474-1A3956D46DE8}") = "test", "test", "{CA04B79A-7E1B-4B6E-B613-9A8AA0C6854B}"
EndProject
Project("{FAE04EC0-301F-11D3-BF4B-00C04F79EFBC}") = "LetsDoIt.WTE.WS.UnitTests", "test\WorkerService.Tests\LetsDoIt.WTE.WS.UnitTests\LetsDoIt.WTE.WS.UnitTests.csproj", "{029E634E-A762-4102-B2CC-AA78B991AC95}"
EndProject
Project("{FAE04EC0-301F-11D3-BF4B-00C04F79EFBC}") = "LetsDoIt.WTE.WS.IntegrationTests", "test\WorkerService.Tests\LetsDoIt.WTE.WS.IntegrationTests\LetsDoIt.WTE.WS.IntegrationTests.csproj", "{E25906F0-4541-413A-AD67-98F43CDCD31C}"
EndProject
Project("{2150E333-8FDC-42A3-9474-1A3956D46DE8}") = "FoodCommandService", "FoodCommandService", "{E0E72600-93E9-42A2-BDB8-5757434CB6A2}"
EndProject
Project("{FAE04EC0-301F-11D3-BF4B-00C04F79EFBC}") = "LetsDoIt.WTE.FCS.Service", "src\FoodCommandService\LetsDoIt.WTE.FCS.Service\LetsDoIt.WTE.FCS.Service.csproj", "{3B49654E-6224-4D00-BE2B-AF1CDC3A9103}"
EndProject
Project("{FAE04EC0-301F-11D3-BF4B-00C04F79EFBC}") = "LetsDoIt.WTE.FCS.Application", "src\FoodCommandService\LetsDoIt.WTE.FCS.Application\LetsDoIt.WTE.FCS.Application.csproj", "{F70519AA-D6A3-401D-BBC5-3ADD9123E0B9}"
EndProject
Project("{FAE04EC0-301F-11D3-BF4B-00C04F79EFBC}") = "LetsDoIt.WTE.FCS.Persistence", "src\FoodCommandService\LetsDoIt.WTE.FCS.Persistence\LetsDoIt.WTE.FCS.Persistence.csproj", "{08B31F19-6020-4D79-90BA-13233F723506}"
EndProject
Project("{2150E333-8FDC-42A3-9474-1A3956D46DE8}") = "test", "test", "{3B134E4C-1078-4A15-A678-BA240811A91D}"
EndProject
Project("{FAE04EC0-301F-11D3-BF4B-00C04F79EFBC}") = "LetsDoIt.WTE.FCS.UnitTests", "test\FoodCommandService.Tests\LetsDoIt.WTE.FCS.UnitTests\LetsDoIt.WTE.FCS.UnitTests.csproj", "{2AD38CC5-057A-4A88-9678-1CFD8E7C3506}"
EndProject
Project("{FAE04EC0-301F-11D3-BF4B-00C04F79EFBC}") = "LetsDoIt.WTE.FCS.IntegrationTests", "test\FoodCommandService.Tests\LetsDoIt.WTE.FCS.IntegrationTests\LetsDoIt.WTE.FCS.IntegrationTests.csproj", "{08F19C62-2277-4D94-B907-3DAB284E6087}"
EndProject
Global
	GlobalSection(SolutionConfigurationPlatforms) = preSolution
		Debug|Any CPU = Debug|Any CPU
		Release|Any CPU = Release|Any CPU
	EndGlobalSection
	GlobalSection(ProjectConfigurationPlatforms) = postSolution
		{E4A73E51-7E18-4026-85A1-8F13CC5C8294}.Debug|Any CPU.ActiveCfg = Debug|Any CPU
		{E4A73E51-7E18-4026-85A1-8F13CC5C8294}.Debug|Any CPU.Build.0 = Debug|Any CPU
		{E4A73E51-7E18-4026-85A1-8F13CC5C8294}.Release|Any CPU.ActiveCfg = Release|Any CPU
		{E4A73E51-7E18-4026-85A1-8F13CC5C8294}.Release|Any CPU.Build.0 = Release|Any CPU
		{0971C8DE-C805-4784-B452-0F5D09E5DE75}.Debug|Any CPU.ActiveCfg = Debug|Any CPU
		{0971C8DE-C805-4784-B452-0F5D09E5DE75}.Debug|Any CPU.Build.0 = Debug|Any CPU
		{0971C8DE-C805-4784-B452-0F5D09E5DE75}.Release|Any CPU.ActiveCfg = Release|Any CPU
		{0971C8DE-C805-4784-B452-0F5D09E5DE75}.Release|Any CPU.Build.0 = Release|Any CPU
		{E5F3C4E4-9C78-4B41-9712-2D3AE2548C2A}.Debug|Any CPU.ActiveCfg = Debug|Any CPU
		{E5F3C4E4-9C78-4B41-9712-2D3AE2548C2A}.Debug|Any CPU.Build.0 = Debug|Any CPU
		{E5F3C4E4-9C78-4B41-9712-2D3AE2548C2A}.Release|Any CPU.ActiveCfg = Release|Any CPU
		{E5F3C4E4-9C78-4B41-9712-2D3AE2548C2A}.Release|Any CPU.Build.0 = Release|Any CPU
		{029E634E-A762-4102-B2CC-AA78B991AC95}.Debug|Any CPU.ActiveCfg = Debug|Any CPU
		{029E634E-A762-4102-B2CC-AA78B991AC95}.Debug|Any CPU.Build.0 = Debug|Any CPU
		{029E634E-A762-4102-B2CC-AA78B991AC95}.Release|Any CPU.ActiveCfg = Release|Any CPU
		{029E634E-A762-4102-B2CC-AA78B991AC95}.Release|Any CPU.Build.0 = Release|Any CPU
		{E25906F0-4541-413A-AD67-98F43CDCD31C}.Debug|Any CPU.ActiveCfg = Debug|Any CPU
		{E25906F0-4541-413A-AD67-98F43CDCD31C}.Debug|Any CPU.Build.0 = Debug|Any CPU
		{E25906F0-4541-413A-AD67-98F43CDCD31C}.Release|Any CPU.ActiveCfg = Release|Any CPU
		{E25906F0-4541-413A-AD67-98F43CDCD31C}.Release|Any CPU.Build.0 = Release|Any CPU
		{3B49654E-6224-4D00-BE2B-AF1CDC3A9103}.Debug|Any CPU.ActiveCfg = Debug|Any CPU
		{3B49654E-6224-4D00-BE2B-AF1CDC3A9103}.Debug|Any CPU.Build.0 = Debug|Any CPU
		{3B49654E-6224-4D00-BE2B-AF1CDC3A9103}.Release|Any CPU.ActiveCfg = Release|Any CPU
		{3B49654E-6224-4D00-BE2B-AF1CDC3A9103}.Release|Any CPU.Build.0 = Release|Any CPU
		{F70519AA-D6A3-401D-BBC5-3ADD9123E0B9}.Debug|Any CPU.ActiveCfg = Debug|Any CPU
		{F70519AA-D6A3-401D-BBC5-3ADD9123E0B9}.Debug|Any CPU.Build.0 = Debug|Any CPU
		{F70519AA-D6A3-401D-BBC5-3ADD9123E0B9}.Release|Any CPU.ActiveCfg = Release|Any CPU
		{F70519AA-D6A3-401D-BBC5-3ADD9123E0B9}.Release|Any CPU.Build.0 = Release|Any CPU
		{08B31F19-6020-4D79-90BA-13233F723506}.Debug|Any CPU.ActiveCfg = Debug|Any CPU
		{08B31F19-6020-4D79-90BA-13233F723506}.Debug|Any CPU.Build.0 = Debug|Any CPU
		{08B31F19-6020-4D79-90BA-13233F723506}.Release|Any CPU.ActiveCfg = Release|Any CPU
		{08B31F19-6020-4D79-90BA-13233F723506}.Release|Any CPU.Build.0 = Release|Any CPU
		{2AD38CC5-057A-4A88-9678-1CFD8E7C3506}.Debug|Any CPU.ActiveCfg = Debug|Any CPU
		{2AD38CC5-057A-4A88-9678-1CFD8E7C3506}.Debug|Any CPU.Build.0 = Debug|Any CPU
		{2AD38CC5-057A-4A88-9678-1CFD8E7C3506}.Release|Any CPU.ActiveCfg = Release|Any CPU
		{2AD38CC5-057A-4A88-9678-1CFD8E7C3506}.Release|Any CPU.Build.0 = Release|Any CPU
		{08F19C62-2277-4D94-B907-3DAB284E6087}.Debug|Any CPU.ActiveCfg = Debug|Any CPU
		{08F19C62-2277-4D94-B907-3DAB284E6087}.Debug|Any CPU.Build.0 = Debug|Any CPU
		{08F19C62-2277-4D94-B907-3DAB284E6087}.Release|Any CPU.ActiveCfg = Release|Any CPU
		{08F19C62-2277-4D94-B907-3DAB284E6087}.Release|Any CPU.Build.0 = Release|Any CPU
	EndGlobalSection
	GlobalSection(SolutionProperties) = preSolution
		HideSolutionNode = FALSE
	EndGlobalSection
	GlobalSection(NestedProjects) = preSolution
		{E4A73E51-7E18-4026-85A1-8F13CC5C8294} = {859DFA3F-3104-4779-BC06-5534DC6AC0AA}
		{0971C8DE-C805-4784-B452-0F5D09E5DE75} = {859DFA3F-3104-4779-BC06-5534DC6AC0AA}
		{E5F3C4E4-9C78-4B41-9712-2D3AE2548C2A} = {859DFA3F-3104-4779-BC06-5534DC6AC0AA}
		{CA04B79A-7E1B-4B6E-B613-9A8AA0C6854B} = {859DFA3F-3104-4779-BC06-5534DC6AC0AA}
		{029E634E-A762-4102-B2CC-AA78B991AC95} = {CA04B79A-7E1B-4B6E-B613-9A8AA0C6854B}
		{E25906F0-4541-413A-AD67-98F43CDCD31C} = {CA04B79A-7E1B-4B6E-B613-9A8AA0C6854B}
		{3B49654E-6224-4D00-BE2B-AF1CDC3A9103} = {E0E72600-93E9-42A2-BDB8-5757434CB6A2}
		{F70519AA-D6A3-401D-BBC5-3ADD9123E0B9} = {E0E72600-93E9-42A2-BDB8-5757434CB6A2}
		{08B31F19-6020-4D79-90BA-13233F723506} = {E0E72600-93E9-42A2-BDB8-5757434CB6A2}
		{3B134E4C-1078-4A15-A678-BA240811A91D} = {E0E72600-93E9-42A2-BDB8-5757434CB6A2}
		{2AD38CC5-057A-4A88-9678-1CFD8E7C3506} = {3B134E4C-1078-4A15-A678-BA240811A91D}
		{08F19C62-2277-4D94-B907-3DAB284E6087} = {3B134E4C-1078-4A15-A678-BA240811A91D}
	EndGlobalSection
	GlobalSection(ExtensibilityGlobals) = postSolution
		SolutionGuid = {EBA32359-9DF5-409B-96CE-6A2603553B56}
	EndGlobalSection
EndGlobal
